<?xml version="1.0" encoding="UTF-8" standalone="yes" ?>
<CodeBlocks_project_file>
	<FileVersion major="1" minor="6" />
	<Project>
		<Option title="plane" />
		<Option pch_mode="2" />
		<Option compiler="gcc" />
		<Build>
			<Target title="Debug">
				<Option output="bin/Debug/text" prefix_auto="1" extension_auto="1" />
				<Option object_output="obj/Debug/" />
				<Option type="0" />
				<Option compiler="gcc" />
				<Compiler>
					<Add option="-g" />
					<Add directory="../../../../../Program Files (x86)/CodeBlocks/SFML-2.3/include" />
					<Add directory="include" />
				</Compiler>
				<Linker>
					<Add library="..\..\..\..\..\Program Files (x86)\CodeBlocks\SFML-2.3\lib\libsfml-audio-d.a" />
					<Add library="..\..\..\..\..\Program Files (x86)\CodeBlocks\SFML-2.3\lib\libsfml-graphics-d.a" />
					<Add library="..\..\..\..\..\Program Files (x86)\CodeBlocks\SFML-2.3\lib\libsfml-window-d.a" />
					<Add library="..\..\..\..\..\Program Files (x86)\CodeBlocks\SFML-2.3\lib\libsfml-system-d.a" />
					<Add directory="../../../../../Program Files (x86)/CodeBlocks/SFML-2.3/lib" />
				</Linker>
			</Target>
			<Target title="Release">
				<Option output="bin/Release/text" prefix_auto="1" extension_auto="1" />
				<Option object_output="obj/Release/" />
				<Option type="1" />
				<Option compiler="gcc" />
				<Compiler>
					<Add option="-O2" />
					<Add directory="include" />
				</Compiler>
				<Linker>
					<Add option="-s" />
					<Add library="..\..\..\..\..\Program Files (x86)\CodeBlocks\SFML-2.3\lib\libsfml-audio.a" />
					<Add library="..\..\..\..\..\Program Files (x86)\CodeBlocks\SFML-2.3\lib\libsfml-graphics.a" />
					<Add library="..\..\..\..\..\Program Files (x86)\CodeBlocks\SFML-2.3\lib\libsfml-window.a" />
					<Add library="..\..\..\..\..\Program Files (x86)\CodeBlocks\SFML-2.3\lib\libsfml-system.a" />
				</Linker>
			</Target>
		</Build>
		<Compiler>
			<Add option="-Wall" />
			<Add option="-fexceptions" />
			<Add directory="src" />
			<Add directory="inlucde" />
			<Add directory="resources" />
		</Compiler>
		<Unit filename="inlucde/ENIMY.h" />
		<Unit filename="inlucde/Fighter.h" />
		<Unit filename="inlucde/Texture.h" />
		<Unit filename="inlucde/gun.h" />
		<Unit filename="inlucde/plane.h">
			<Option target="&lt;{~None~}&gt;" />
		</Unit>
		<Unit filename="main.cpp" />
		<Unit filename="src/ENIMY.cpp" />
		<Unit filename="src/Fighter.cpp" />
		<Unit filename="src/GUN.cpp" />
		<Unit filename="src/Texture.cpp" />
		<Unit filename="src/plane.cpp" />
		<Unit filename="src/tostring.cpp" />
		<Extensions>
			<code_completion />
			<envvars />
			<debugger />
			<lib_finder disable_auto="1" />
		</Extensions>
	</Project>
</CodeBlocks_project_file>
